
Microsoft Visual Studio Solution File, Format Version 12.00
# Visual Studio Version 17
VisualStudioVersion = 17.6.33815.320
MinimumVisualStudioVersion = 10.0.40219.1
Project("{8BC9CEB8-8B4A-11D0-8D11-00A0C91BC942}") = "singleton", "singleton.vcxproj", "{CBA06B61-50D2-4278-AE0B-0170C1AD7412}"
EndProject
Global
	GlobalSection(SolutionConfigurationPlatforms) = preSolution
		Debug|x64 = Debug|x64
		Debug|x86 = Debug|x86
		Release|x64 = Release|x64
		Release|x86 = Release|x86
	EndGlobalSection
	GlobalSection(ProjectConfigurationPlatforms) = postSolution
		{CBA06B61-50D2-4278-AE0B-0170C1AD7412}.Debug|x64.ActiveCfg = Debug|x64
		{CBA06B61-50D2-4278-AE0B-0170C1AD7412}.Debug|x64.Build.0 = Debug|x64
		{CBA06B61-50D2-4278-AE0B-0170C1AD7412}.Debug|x86.ActiveCfg = Debug|Win32
		{CBA06B61-50D2-4278-AE0B-0170C1AD7412}.Debug|x86.Build.0 = Debug|Win32
		{CBA06B61-50D2-4278-AE0B-0170C1AD7412}.Release|x64.ActiveCfg = Release|x64
		{CBA06B61-50D2-4278-AE0B-0170C1AD7412}.Release|x64.Build.0 = Release|x64
		{CBA06B61-50D2-4278-AE0B-0170C1AD7412}.Release|x86.ActiveCfg = Release|Win32
		{CBA06B61-50D2-4278-AE0B-0170C1AD7412}.Release|x86.Build.0 = Release|Win32
	EndGlobalSection
	GlobalSection(SolutionProperties) = preSolution
		HideSolutionNode = FALSE
	EndGlobalSection
	GlobalSection(ExtensibilityGlobals) = postSolution
		SolutionGuid = {0F53A160-C084-4C52-9C77-260FDB77BA66}
	EndGlobalSection
EndGlobal
